
Microsoft Visual Studio Solution File, Format Version 12.00
# Visual Studio Version 16
VisualStudioVersion = 16.0.28803.352
MinimumVisualStudioVersion = 10.0.40219.1
Project("{8BC9CEB8-8B4A-11D0-8D11-00A0C91BC942}") = "LineV1", "LineV1\LineV1.vcxproj", "{C34EF7FD-7BD5-4822-A67C-97F45AC3F25F}"
EndProject
Project("{8BC9CEB8-8B4A-11D0-8D11-00A0C91BC942}") = "RectangleV1", "RectangleV1\RectangleV1.vcxproj", "{4AB57883-5610-4B35-8554-4DFDC7575AC4}"
EndProject
Project("{8BC9CEB8-8B4A-11D0-8D11-00A0C91BC942}") = "TriangleV1", "TriangleV1\TriangleV1.vcxproj", "{A07F83D0-73F3-4A23-99E3-B9C9907C5347}"
EndProject
Project("{8BC9CEB8-8B4A-11D0-8D11-00A0C91BC942}") = "FractionV1", "FractionV1\FractionV1.vcxproj", "{EAA8C02A-2211-4BC5-8E20-1D2EEF9BFEC5}"
EndProject
Project("{8BC9CEB8-8B4A-11D0-8D11-00A0C91BC942}") = "CircleV1", "CircleV1\CircleV1.vcxproj", "{CC432A09-9506-4822-B01C-82996B45C78A}"
EndProject
Project("{8BC9CEB8-8B4A-11D0-8D11-00A0C91BC942}") = "StudentV1", "StudentV1\StudentV1.vcxproj", "{6EE9A77C-B8AC-4B39-B4F4-07658CF943BC}"
EndProject
Global
	GlobalSection(SolutionConfigurationPlatforms) = preSolution
		Debug|x64 = Debug|x64
		Debug|x86 = Debug|x86
		Release|x64 = Release|x64
		Release|x86 = Release|x86
	EndGlobalSection
	GlobalSection(ProjectConfigurationPlatforms) = postSolution
		{C34EF7FD-7BD5-4822-A67C-97F45AC3F25F}.Debug|x64.ActiveCfg = Debug|x64
		{C34EF7FD-7BD5-4822-A67C-97F45AC3F25F}.Debug|x64.Build.0 = Debug|x64
		{C34EF7FD-7BD5-4822-A67C-97F45AC3F25F}.Debug|x86.ActiveCfg = Debug|Win32
		{C34EF7FD-7BD5-4822-A67C-97F45AC3F25F}.Debug|x86.Build.0 = Debug|Win32
		{C34EF7FD-7BD5-4822-A67C-97F45AC3F25F}.Release|x64.ActiveCfg = Release|x64
		{C34EF7FD-7BD5-4822-A67C-97F45AC3F25F}.Release|x64.Build.0 = Release|x64
		{C34EF7FD-7BD5-4822-A67C-97F45AC3F25F}.Release|x86.ActiveCfg = Release|Win32
		{C34EF7FD-7BD5-4822-A67C-97F45AC3F25F}.Release|x86.Build.0 = Release|Win32
		{4AB57883-5610-4B35-8554-4DFDC7575AC4}.Debug|x64.ActiveCfg = Debug|x64
		{4AB57883-5610-4B35-8554-4DFDC7575AC4}.Debug|x64.Build.0 = Debug|x64
		{4AB57883-5610-4B35-8554-4DFDC7575AC4}.Debug|x86.ActiveCfg = Debug|Win32
		{4AB57883-5610-4B35-8554-4DFDC7575AC4}.Debug|x86.Build.0 = Debug|Win32
		{4AB57883-5610-4B35-8554-4DFDC7575AC4}.Release|x64.ActiveCfg = Release|x64
		{4AB57883-5610-4B35-8554-4DFDC7575AC4}.Release|x64.Build.0 = Release|x64
		{4AB57883-5610-4B35-8554-4DFDC7575AC4}.Release|x86.ActiveCfg = Release|Win32
		{4AB57883-5610-4B35-8554-4DFDC7575AC4}.Release|x86.Build.0 = Release|Win32
		{A07F83D0-73F3-4A23-99E3-B9C9907C5347}.Debug|x64.ActiveCfg = Debug|x64
		{A07F83D0-73F3-4A23-99E3-B9C9907C5347}.Debug|x64.Build.0 = Debug|x64
		{A07F83D0-73F3-4A23-99E3-B9C9907C5347}.Debug|x86.ActiveCfg = Debug|Win32
		{A07F83D0-73F3-4A23-99E3-B9C9907C5347}.Debug|x86.Build.0 = Debug|Win32
		{A07F83D0-73F3-4A23-99E3-B9C9907C5347}.Release|x64.ActiveCfg = Release|x64
		{A07F83D0-73F3-4A23-99E3-B9C9907C5347}.Release|x64.Build.0 = Release|x64
		{A07F83D0-73F3-4A23-99E3-B9C9907C5347}.Release|x86.ActiveCfg = Release|Win32
		{A07F83D0-73F3-4A23-99E3-B9C9907C5347}.Release|x86.Build.0 = Release|Win32
		{EAA8C02A-2211-4BC5-8E20-1D2EEF9BFEC5}.Debug|x64.ActiveCfg = Debug|x64
		{EAA8C02A-2211-4BC5-8E20-1D2EEF9BFEC5}.Debug|x64.Build.0 = Debug|x64
		{EAA8C02A-2211-4BC5-8E20-1D2EEF9BFEC5}.Debug|x86.ActiveCfg = Debug|Win32
		{EAA8C02A-2211-4BC5-8E20-1D2EEF9BFEC5}.Debug|x86.Build.0 = Debug|Win32
		{EAA8C02A-2211-4BC5-8E20-1D2EEF9BFEC5}.Release|x64.ActiveCfg = Release|x64
		{EAA8C02A-2211-4BC5-8E20-1D2EEF9BFEC5}.Release|x64.Build.0 = Release|x64
		{EAA8C02A-2211-4BC5-8E20-1D2EEF9BFEC5}.Release|x86.ActiveCfg = Release|Win32
		{EAA8C02A-2211-4BC5-8E20-1D2EEF9BFEC5}.Release|x86.Build.0 = Release|Win32
		{CC432A09-9506-4822-B01C-82996B45C78A}.Debug|x64.ActiveCfg = Debug|x64
		{CC432A09-9506-4822-B01C-82996B45C78A}.Debug|x64.Build.0 = Debug|x64
		{CC432A09-9506-4822-B01C-82996B45C78A}.Debug|x86.ActiveCfg = Debug|Win32
		{CC432A09-9506-4822-B01C-82996B45C78A}.Debug|x86.Build.0 = Debug|Win32
		{CC432A09-9506-4822-B01C-82996B45C78A}.Release|x64.ActiveCfg = Release|x64
		{CC432A09-9506-4822-B01C-82996B45C78A}.Release|x64.Build.0 = Release|x64
		{CC432A09-9506-4822-B01C-82996B45C78A}.Release|x86.ActiveCfg = Release|Win32
		{CC432A09-9506-4822-B01C-82996B45C78A}.Release|x86.Build.0 = Release|Win32
		{6EE9A77C-B8AC-4B39-B4F4-07658CF943BC}.Debug|x64.ActiveCfg = Debug|x64
		{6EE9A77C-B8AC-4B39-B4F4-07658CF943BC}.Debug|x64.Build.0 = Debug|x64
		{6EE9A77C-B8AC-4B39-B4F4-07658CF943BC}.Debug|x86.ActiveCfg = Debug|Win32
		{6EE9A77C-B8AC-4B39-B4F4-07658CF943BC}.Debug|x86.Build.0 = Debug|Win32
		{6EE9A77C-B8AC-4B39-B4F4-07658CF943BC}.Release|x64.ActiveCfg = Release|x64
		{6EE9A77C-B8AC-4B39-B4F4-07658CF943BC}.Release|x64.Build.0 = Release|x64
		{6EE9A77C-B8AC-4B39-B4F4-07658CF943BC}.Release|x86.ActiveCfg = Release|Win32
		{6EE9A77C-B8AC-4B39-B4F4-07658CF943BC}.Release|x86.Build.0 = Release|Win32
	EndGlobalSection
	GlobalSection(SolutionProperties) = preSolution
		HideSolutionNode = FALSE
	EndGlobalSection
	GlobalSection(ExtensibilityGlobals) = postSolution
		SolutionGuid = {CB2B784C-2C05-4EFE-ABB9-52C26C845551}
	EndGlobalSection
EndGlobal
