
Microsoft Visual Studio Solution File, Format Version 12.00
# Visual Studio Version 16
VisualStudioVersion = 16.0.28803.352
MinimumVisualStudioVersion = 10.0.40219.1
Project("{8BC9CEB8-8B4A-11D0-8D11-00A0C91BC942}") = "Ex01", "Ex01\Ex01.vcxproj", "{CD72AAD9-BFA0-4FF5-8A83-859349D843D9}"
EndProject
Project("{8BC9CEB8-8B4A-11D0-8D11-00A0C91BC942}") = "Ex03", "Ex03\Ex03.vcxproj", "{F4C1497B-8411-485C-800B-E9193630CC03}"
EndProject
Project("{8BC9CEB8-8B4A-11D0-8D11-00A0C91BC942}") = "Ex05", "Ex05\Ex05.vcxproj", "{1E6D5353-D098-401B-950B-1D85F9E09C59}"
EndProject
Project("{8BC9CEB8-8B4A-11D0-8D11-00A0C91BC942}") = "Ex07", "Ex07\Ex07.vcxproj", "{EAC8C7A2-7F84-4B06-83FA-B9379795AE4C}"
EndProject
Project("{8BC9CEB8-8B4A-11D0-8D11-00A0C91BC942}") = "Ex09", "Ex09\Ex09.vcxproj", "{F0B04045-AF05-4C48-9386-C6E9313C2EE3}"
EndProject
Global
	GlobalSection(SolutionConfigurationPlatforms) = preSolution
		Debug|x64 = Debug|x64
		Debug|x86 = Debug|x86
		Release|x64 = Release|x64
		Release|x86 = Release|x86
	EndGlobalSection
	GlobalSection(ProjectConfigurationPlatforms) = postSolution
		{CD72AAD9-BFA0-4FF5-8A83-859349D843D9}.Debug|x64.ActiveCfg = Debug|x64
		{CD72AAD9-BFA0-4FF5-8A83-859349D843D9}.Debug|x64.Build.0 = Debug|x64
		{CD72AAD9-BFA0-4FF5-8A83-859349D843D9}.Debug|x86.ActiveCfg = Debug|Win32
		{CD72AAD9-BFA0-4FF5-8A83-859349D843D9}.Debug|x86.Build.0 = Debug|Win32
		{CD72AAD9-BFA0-4FF5-8A83-859349D843D9}.Release|x64.ActiveCfg = Release|x64
		{CD72AAD9-BFA0-4FF5-8A83-859349D843D9}.Release|x64.Build.0 = Release|x64
		{CD72AAD9-BFA0-4FF5-8A83-859349D843D9}.Release|x86.ActiveCfg = Release|Win32
		{CD72AAD9-BFA0-4FF5-8A83-859349D843D9}.Release|x86.Build.0 = Release|Win32
		{F4C1497B-8411-485C-800B-E9193630CC03}.Debug|x64.ActiveCfg = Debug|x64
		{F4C1497B-8411-485C-800B-E9193630CC03}.Debug|x64.Build.0 = Debug|x64
		{F4C1497B-8411-485C-800B-E9193630CC03}.Debug|x86.ActiveCfg = Debug|Win32
		{F4C1497B-8411-485C-800B-E9193630CC03}.Debug|x86.Build.0 = Debug|Win32
		{F4C1497B-8411-485C-800B-E9193630CC03}.Release|x64.ActiveCfg = Release|x64
		{F4C1497B-8411-485C-800B-E9193630CC03}.Release|x64.Build.0 = Release|x64
		{F4C1497B-8411-485C-800B-E9193630CC03}.Release|x86.ActiveCfg = Release|Win32
		{F4C1497B-8411-485C-800B-E9193630CC03}.Release|x86.Build.0 = Release|Win32
		{1E6D5353-D098-401B-950B-1D85F9E09C59}.Debug|x64.ActiveCfg = Debug|x64
		{1E6D5353-D098-401B-950B-1D85F9E09C59}.Debug|x64.Build.0 = Debug|x64
		{1E6D5353-D098-401B-950B-1D85F9E09C59}.Debug|x86.ActiveCfg = Debug|Win32
		{1E6D5353-D098-401B-950B-1D85F9E09C59}.Debug|x86.Build.0 = Debug|Win32
		{1E6D5353-D098-401B-950B-1D85F9E09C59}.Release|x64.ActiveCfg = Release|x64
		{1E6D5353-D098-401B-950B-1D85F9E09C59}.Release|x64.Build.0 = Release|x64
		{1E6D5353-D098-401B-950B-1D85F9E09C59}.Release|x86.ActiveCfg = Release|Win32
		{1E6D5353-D098-401B-950B-1D85F9E09C59}.Release|x86.Build.0 = Release|Win32
		{EAC8C7A2-7F84-4B06-83FA-B9379795AE4C}.Debug|x64.ActiveCfg = Debug|x64
		{EAC8C7A2-7F84-4B06-83FA-B9379795AE4C}.Debug|x64.Build.0 = Debug|x64
		{EAC8C7A2-7F84-4B06-83FA-B9379795AE4C}.Debug|x86.ActiveCfg = Debug|Win32
		{EAC8C7A2-7F84-4B06-83FA-B9379795AE4C}.Debug|x86.Build.0 = Debug|Win32
		{EAC8C7A2-7F84-4B06-83FA-B9379795AE4C}.Release|x64.ActiveCfg = Release|x64
		{EAC8C7A2-7F84-4B06-83FA-B9379795AE4C}.Release|x64.Build.0 = Release|x64
		{EAC8C7A2-7F84-4B06-83FA-B9379795AE4C}.Release|x86.ActiveCfg = Release|Win32
		{EAC8C7A2-7F84-4B06-83FA-B9379795AE4C}.Release|x86.Build.0 = Release|Win32
		{F0B04045-AF05-4C48-9386-C6E9313C2EE3}.Debug|x64.ActiveCfg = Debug|x64
		{F0B04045-AF05-4C48-9386-C6E9313C2EE3}.Debug|x64.Build.0 = Debug|x64
		{F0B04045-AF05-4C48-9386-C6E9313C2EE3}.Debug|x86.ActiveCfg = Debug|Win32
		{F0B04045-AF05-4C48-9386-C6E9313C2EE3}.Debug|x86.Build.0 = Debug|Win32
		{F0B04045-AF05-4C48-9386-C6E9313C2EE3}.Release|x64.ActiveCfg = Release|x64
		{F0B04045-AF05-4C48-9386-C6E9313C2EE3}.Release|x64.Build.0 = Release|x64
		{F0B04045-AF05-4C48-9386-C6E9313C2EE3}.Release|x86.ActiveCfg = Release|Win32
		{F0B04045-AF05-4C48-9386-C6E9313C2EE3}.Release|x86.Build.0 = Release|Win32
	EndGlobalSection
	GlobalSection(SolutionProperties) = preSolution
		HideSolutionNode = FALSE
	EndGlobalSection
	GlobalSection(ExtensibilityGlobals) = postSolution
		SolutionGuid = {F1AE59E1-3BA2-4630-A99B-C67F5C70F525}
	EndGlobalSection
EndGlobal
